// !$*UTF8*$!
{
	archiveVersion = 1;
	classes = {
	};
	objectVersion = 46;
	objects = {

/* Begin PBXBuildFile section */
		F02440DA1F2AE882001BBDB4 /* main.m in Sources */ = {isa = PBXBuildFile; fileRef = F02440D91F2AE882001BBDB4 /* main.m */; };
		F02440DD1F2AE882001BBDB4 /* AppDelegate.m in Sources */ = {isa = PBXBuildFile; fileRef = F02440DC1F2AE882001BBDB4 /* AppDelegate.m */; };
		F02440E01F2AE882001BBDB4 /* ViewController.m in Sources */ = {isa = PBXBuildFile; fileRef = F02440DF1F2AE882001BBDB4 /* ViewController.m */; };
		F02440E31F2AE882001BBDB4 /* Main.storyboard in Resources */ = {isa = PBXBuildFile; fileRef = F02440E11F2AE882001BBDB4 /* Main.storyboard */; };
		F02440E51F2AE882001BBDB4 /* Assets.xcassets in Resources */ = {isa = PBXBuildFile; fileRef = F02440E41F2AE882001BBDB4 /* Assets.xcassets */; };
		F02440E81F2AE882001BBDB4 /* LaunchScreen.storyboard in Resources */ = {isa = PBXBuildFile; fileRef = F02440E61F2AE882001BBDB4 /* LaunchScreen.storyboard */; };
		F024415F1F2AE9DE001BBDB4 /* ESCSpeedyDesktopManager.m in Sources */ = {isa = PBXBuildFile; fileRef = F024415E1F2AE9DE001BBDB4 /* ESCSpeedyDesktopManager.m */; };
		F02441FF1F2B1626001BBDB4 /* Base64.m in Sources */ = {isa = PBXBuildFile; fileRef = F02441C01F2B1626001BBDB4 /* Base64.m */; };
		F024420B1F2B1626001BBDB4 /* DDData.m in Sources */ = {isa = PBXBuildFile; fileRef = F02441DA1F2B1626001BBDB4 /* DDData.m */; };
		F024420C1F2B1626001BBDB4 /* DDNumber.m in Sources */ = {isa = PBXBuildFile; fileRef = F02441DC1F2B1626001BBDB4 /* DDNumber.m */; };
		F024420D1F2B1626001BBDB4 /* DDRange.m in Sources */ = {isa = PBXBuildFile; fileRef = F02441DE1F2B1626001BBDB4 /* DDRange.m */; };
		F024420E1F2B1626001BBDB4 /* HTTPAuthenticationRequest.m in Sources */ = {isa = PBXBuildFile; fileRef = F02441E01F2B1626001BBDB4 /* HTTPAuthenticationRequest.m */; };
		F024420F1F2B1626001BBDB4 /* HTTPConnection.m in Sources */ = {isa = PBXBuildFile; fileRef = F02441E21F2B1626001BBDB4 /* HTTPConnection.m */; };
		F02442101F2B1626001BBDB4 /* HTTPMessage.m in Sources */ = {isa = PBXBuildFile; fileRef = F02441E51F2B1626001BBDB4 /* HTTPMessage.m */; };
		F02442111F2B1626001BBDB4 /* HTTPServer.m in Sources */ = {isa = PBXBuildFile; fileRef = F02441E81F2B1626001BBDB4 /* HTTPServer.m */; };
		F02442121F2B1626001BBDB4 /* MultipartFormDataParser.m in Sources */ = {isa = PBXBuildFile; fileRef = F02441EB1F2B1626001BBDB4 /* MultipartFormDataParser.m */; };
		F02442131F2B1626001BBDB4 /* MultipartMessageHeader.m in Sources */ = {isa = PBXBuildFile; fileRef = F02441ED1F2B1626001BBDB4 /* MultipartMessageHeader.m */; };
		F02442141F2B1626001BBDB4 /* MultipartMessageHeaderField.m in Sources */ = {isa = PBXBuildFile; fileRef = F02441EF1F2B1626001BBDB4 /* MultipartMessageHeaderField.m */; };
		F02442151F2B1626001BBDB4 /* HTTPAsyncFileResponse.m in Sources */ = {isa = PBXBuildFile; fileRef = F02441F21F2B1626001BBDB4 /* HTTPAsyncFileResponse.m */; };
		F02442161F2B1626001BBDB4 /* HTTPDataResponse.m in Sources */ = {isa = PBXBuildFile; fileRef = F02441F41F2B1626001BBDB4 /* HTTPDataResponse.m */; };
		F02442171F2B1626001BBDB4 /* HTTPDynamicFileResponse.m in Sources */ = {isa = PBXBuildFile; fileRef = F02441F61F2B1626001BBDB4 /* HTTPDynamicFileResponse.m */; };
		F02442181F2B1626001BBDB4 /* HTTPErrorResponse.m in Sources */ = {isa = PBXBuildFile; fileRef = F02441F81F2B1626001BBDB4 /* HTTPErrorResponse.m */; };
		F02442191F2B1626001BBDB4 /* HTTPFileResponse.m in Sources */ = {isa = PBXBuildFile; fileRef = F02441FA1F2B1626001BBDB4 /* HTTPFileResponse.m */; };
		F024421A1F2B1626001BBDB4 /* HTTPRedirectResponse.m in Sources */ = {isa = PBXBuildFile; fileRef = F02441FC1F2B1626001BBDB4 /* HTTPRedirectResponse.m */; };
		F024421B1F2B1626001BBDB4 /* WebSocket.m in Sources */ = {isa = PBXBuildFile; fileRef = F02441FE1F2B1626001BBDB4 /* WebSocket.m */; };
		F024421E1F2B1C14001BBDB4 /* GCDAsyncSocket.m in Sources */ = {isa = PBXBuildFile; fileRef = F024421D1F2B1C14001BBDB4 /* GCDAsyncSocket.m */; };
		F024423D1F2B1D76001BBDB4 /* CLIColor.m in Sources */ = {isa = PBXBuildFile; fileRef = F02442221F2B1D76001BBDB4 /* CLIColor.m */; };
		F024423E1F2B1D76001BBDB4 /* DDContextFilterLogFormatter.m in Sources */ = {isa = PBXBuildFile; fileRef = F02442251F2B1D76001BBDB4 /* DDContextFilterLogFormatter.m */; };
		F024423F1F2B1D76001BBDB4 /* DDDispatchQueueLogFormatter.m in Sources */ = {isa = PBXBuildFile; fileRef = F02442271F2B1D76001BBDB4 /* DDDispatchQueueLogFormatter.m */; };
		F02442401F2B1D76001BBDB4 /* DDMultiFormatter.m in Sources */ = {isa = PBXBuildFile; fileRef = F02442291F2B1D76001BBDB4 /* DDMultiFormatter.m */; };
		F02442411F2B1D76001BBDB4 /* DDAbstractDatabaseLogger.m in Sources */ = {isa = PBXBuildFile; fileRef = F024422C1F2B1D76001BBDB4 /* DDAbstractDatabaseLogger.m */; };
		F02442421F2B1D76001BBDB4 /* DDASLLogCapture.m in Sources */ = {isa = PBXBuildFile; fileRef = F024422E1F2B1D76001BBDB4 /* DDASLLogCapture.m */; };
		F02442431F2B1D76001BBDB4 /* DDASLLogger.m in Sources */ = {isa = PBXBuildFile; fileRef = F02442301F2B1D76001BBDB4 /* DDASLLogger.m */; };
		F02442441F2B1D76001BBDB4 /* DDFileLogger.m in Sources */ = {isa = PBXBuildFile; fileRef = F02442331F2B1D76001BBDB4 /* DDFileLogger.m */; };
		F02442451F2B1D76001BBDB4 /* DDLog.m in Sources */ = {isa = PBXBuildFile; fileRef = F02442361F2B1D76001BBDB4 /* DDLog.m */; };
		F02442461F2B1D76001BBDB4 /* DDOSLogger.m in Sources */ = {isa = PBXBuildFile; fileRef = F024423A1F2B1D76001BBDB4 /* DDOSLogger.m */; };
		F02442471F2B1D76001BBDB4 /* DDTTYLogger.m in Sources */ = {isa = PBXBuildFile; fileRef = F024423C1F2B1D76001BBDB4 /* DDTTYLogger.m */; };
/* End PBXBuildFile section */

/* Begin PBXFileReference section */
		F02440D51F2AE881001BBDB4 /* ESCSpeedyDesktopManager.app */ = {isa = PBXFileReference; explicitFileType = wrapper.application; includeInIndex = 0; path = ESCSpeedyDesktopManager.app; sourceTree = BUILT_PRODUCTS_DIR; };
		F02440D91F2AE882001BBDB4 /* main.m */ = {isa = PBXFileReference; lastKnownFileType = sourcecode.c.objc; path = main.m; sourceTree = "<group>"; };
		F02440DB1F2AE882001BBDB4 /* AppDelegate.h */ = {isa = PBXFileReference; lastKnownFileType = sourcecode.c.h; path = AppDelegate.h; sourceTree = "<group>"; };
		F02440DC1F2AE882001BBDB4 /* AppDelegate.m */ = {isa = PBXFileReference; lastKnownFileType = sourcecode.c.objc; path = AppDelegate.m; sourceTree = "<group>"; };
		F02440DE1F2AE882001BBDB4 /* ViewController.h */ = {isa = PBXFileReference; lastKnownFileType = sourcecode.c.h; path = ViewController.h; sourceTree = "<group>"; };
		F02440DF1F2AE882001BBDB4 /* ViewController.m */ = {isa = PBXFileReference; lastKnownFileType = sourcecode.c.objc; path = ViewController.m; sourceTree = "<group>"; };
		F02440E21F2AE882001BBDB4 /* Base */ = {isa = PBXFileReference; lastKnownFileType = file.storyboard; name = Base; path = Base.lproj/Main.storyboard; sourceTree = "<group>"; };
		F02440E41F2AE882001BBDB4 /* Assets.xcassets */ = {isa = PBXFileReference; lastKnownFileType = folder.assetcatalog; path = Assets.xcassets; sourceTree = "<group>"; };
		F02440E71F2AE882001BBDB4 /* Base */ = {isa = PBXFileReference; lastKnownFileType = file.storyboard; name = Base; path = Base.lproj/LaunchScreen.storyboard; sourceTree = "<group>"; };
		F02440E91F2AE882001BBDB4 /* Info.plist */ = {isa = PBXFileReference; lastKnownFileType = text.plist.xml; path = Info.plist; sourceTree = "<group>"; };
		F024415D1F2AE9DE001BBDB4 /* ESCSpeedyDesktopManager.h */ = {isa = PBXFileReference; fileEncoding = 4; lastKnownFileType = sourcecode.c.h; path = ESCSpeedyDesktopManager.h; sourceTree = "<group>"; };
		F024415E1F2AE9DE001BBDB4 /* ESCSpeedyDesktopManager.m */ = {isa = PBXFileReference; fileEncoding = 4; lastKnownFileType = sourcecode.c.objc; path = ESCSpeedyDesktopManager.m; sourceTree = "<group>"; };
		F02441BF1F2B1626001BBDB4 /* Base64.h */ = {isa = PBXFileReference; fileEncoding = 4; lastKnownFileType = sourcecode.c.h; path = Base64.h; sourceTree = "<group>"; };
		F02441C01F2B1626001BBDB4 /* Base64.m */ = {isa = PBXFileReference; fileEncoding = 4; lastKnownFileType = sourcecode.c.objc; path = Base64.m; sourceTree = "<group>"; };
		F02441D91F2B1626001BBDB4 /* DDData.h */ = {isa = PBXFileReference; fileEncoding = 4; lastKnownFileType = sourcecode.c.h; path = DDData.h; sourceTree = "<group>"; };
		F02441DA1F2B1626001BBDB4 /* DDData.m */ = {isa = PBXFileReference; fileEncoding = 4; lastKnownFileType = sourcecode.c.objc; path = DDData.m; sourceTree = "<group>"; };
		F02441DB1F2B1626001BBDB4 /* DDNumber.h */ = {isa = PBXFileReference; fileEncoding = 4; lastKnownFileType = sourcecode.c.h; path = DDNumber.h; sourceTree = "<group>"; };
		F02441DC1F2B1626001BBDB4 /* DDNumber.m */ = {isa = PBXFileReference; fileEncoding = 4; lastKnownFileType = sourcecode.c.objc; path = DDNumber.m; sourceTree = "<group>"; };
		F02441DD1F2B1626001BBDB4 /* DDRange.h */ = {isa = PBXFileReference; fileEncoding = 4; lastKnownFileType = sourcecode.c.h; path = DDRange.h; sourceTree = "<group>"; };
		F02441DE1F2B1626001BBDB4 /* DDRange.m */ = {isa = PBXFileReference; fileEncoding = 4; lastKnownFileType = sourcecode.c.objc; path = DDRange.m; sourceTree = "<group>"; };
		F02441DF1F2B1626001BBDB4 /* HTTPAuthenticationRequest.h */ = {isa = PBXFileReference; fileEncoding = 4; lastKnownFileType = sourcecode.c.h; path = HTTPAuthenticationRequest.h; sourceTree = "<group>"; };
		F02441E01F2B1626001BBDB4 /* HTTPAuthenticationRequest.m */ = {isa = PBXFileReference; fileEncoding = 4; lastKnownFileType = sourcecode.c.objc; path = HTTPAuthenticationRequest.m; sourceTree = "<group>"; };
		F02441E11F2B1626001BBDB4 /* HTTPConnection.h */ = {isa = PBXFileReference; fileEncoding = 4; lastKnownFileType = sourcecode.c.h; path = HTTPConnection.h; sourceTree = "<group>"; };
		F02441E21F2B1626001BBDB4 /* HTTPConnection.m */ = {isa = PBXFileReference; fileEncoding = 4; lastKnownFileType = sourcecode.c.objc; path = HTTPConnection.m; sourceTree = "<group>"; };
		F02441E31F2B1626001BBDB4 /* HTTPLogging.h */ = {isa = PBXFileReference; fileEncoding = 4; lastKnownFileType = sourcecode.c.h; path = HTTPLogging.h; sourceTree = "<group>"; };
		F02441E41F2B1626001BBDB4 /* HTTPMessage.h */ = {isa = PBXFileReference; fileEncoding = 4; lastKnownFileType = sourcecode.c.h; path = HTTPMessage.h; sourceTree = "<group>"; };
		F02441E51F2B1626001BBDB4 /* HTTPMessage.m */ = {isa = PBXFileReference; fileEncoding = 4; lastKnownFileType = sourcecode.c.objc; path = HTTPMessage.m; sourceTree = "<group>"; };
		F02441E61F2B1626001BBDB4 /* HTTPResponse.h */ = {isa = PBXFileReference; fileEncoding = 4; lastKnownFileType = sourcecode.c.h; path = HTTPResponse.h; sourceTree = "<group>"; };
		F02441E71F2B1626001BBDB4 /* HTTPServer.h */ = {isa = PBXFileReference; fileEncoding = 4; lastKnownFileType = sourcecode.c.h; path = HTTPServer.h; sourceTree = "<group>"; };
		F02441E81F2B1626001BBDB4 /* HTTPServer.m */ = {isa = PBXFileReference; fileEncoding = 4; lastKnownFileType = sourcecode.c.objc; path = HTTPServer.m; sourceTree = "<group>"; };
		F02441EA1F2B1626001BBDB4 /* MultipartFormDataParser.h */ = {isa = PBXFileReference; fileEncoding = 4; lastKnownFileType = sourcecode.c.h; path = MultipartFormDataParser.h; sourceTree = "<group>"; };
		F02441EB1F2B1626001BBDB4 /* MultipartFormDataParser.m */ = {isa = PBXFileReference; fileEncoding = 4; lastKnownFileType = sourcecode.c.objc; path = MultipartFormDataParser.m; sourceTree = "<group>"; };
		F02441EC1F2B1626001BBDB4 /* MultipartMessageHeader.h */ = {isa = PBXFileReference; fileEncoding = 4; lastKnownFileType = sourcecode.c.h; path = MultipartMessageHeader.h; sourceTree = "<group>"; };
		F02441ED1F2B1626001BBDB4 /* MultipartMessageHeader.m */ = {isa = PBXFileReference; fileEncoding = 4; lastKnownFileType = sourcecode.c.objc; path = MultipartMessageHeader.m; sourceTree = "<group>"; };
		F02441EE1F2B1626001BBDB4 /* MultipartMessageHeaderField.h */ = {isa = PBXFileReference; fileEncoding = 4; lastKnownFileType = sourcecode.c.h; path = MultipartMessageHeaderField.h; sourceTree = "<group>"; };
		F02441EF1F2B1626001BBDB4 /* MultipartMessageHeaderField.m */ = {isa = PBXFileReference; fileEncoding = 4; lastKnownFileType = sourcecode.c.objc; path = MultipartMessageHeaderField.m; sourceTree = "<group>"; };
		F02441F11F2B1626001BBDB4 /* HTTPAsyncFileResponse.h */ = {isa = PBXFileReference; fileEncoding = 4; lastKnownFileType = sourcecode.c.h; path = HTTPAsyncFileResponse.h; sourceTree = "<group>"; };
		F02441F21F2B1626001BBDB4 /* HTTPAsyncFileResponse.m */ = {isa = PBXFileReference; fileEncoding = 4; lastKnownFileType = sourcecode.c.objc; path = HTTPAsyncFileResponse.m; sourceTree = "<group>"; };
		F02441F31F2B1626001BBDB4 /* HTTPDataResponse.h */ = {isa = PBXFileReference; fileEncoding = 4; lastKnownFileType = sourcecode.c.h; path = HTTPDataResponse.h; sourceTree = "<group>"; };
		F02441F41F2B1626001BBDB4 /* HTTPDataResponse.m */ = {isa = PBXFileReference; fileEncoding = 4; lastKnownFileType = sourcecode.c.objc; path = HTTPDataResponse.m; sourceTree = "<group>"; };
		F02441F51F2B1626001BBDB4 /* HTTPDynamicFileResponse.h */ = {isa = PBXFileReference; fileEncoding = 4; lastKnownFileType = sourcecode.c.h; path = HTTPDynamicFileResponse.h; sourceTree = "<group>"; };
		F02441F61F2B1626001BBDB4 /* HTTPDynamicFileResponse.m */ = {isa = PBXFileReference; fileEncoding = 4; lastKnownFileType = sourcecode.c.objc; path = HTTPDynamicFileResponse.m; sourceTree = "<group>"; };
		F02441F71F2B1626001BBDB4 /* HTTPErrorResponse.h */ = {isa = PBXFileReference; fileEncoding = 4; lastKnownFileType = sourcecode.c.h; path = HTTPErrorResponse.h; sourceTree = "<group>"; };
		F02441F81F2B1626001BBDB4 /* HTTPErrorResponse.m */ = {isa = PBXFileReference; fileEncoding = 4; lastKnownFileType = sourcecode.c.objc; path = HTTPErrorResponse.m; sourceTree = "<group>"; };
		F02441F91F2B1626001BBDB4 /* HTTPFileResponse.h */ = {isa = PBXFileReference; fileEncoding = 4; lastKnownFileType = sourcecode.c.h; path = HTTPFileResponse.h; sourceTree = "<group>"; };
		F02441FA1F2B1626001BBDB4 /* HTTPFileResponse.m */ = {isa = PBXFileReference; fileEncoding = 4; lastKnownFileType = sourcecode.c.objc; path = HTTPFileResponse.m; sourceTree = "<group>"; };
		F02441FB1F2B1626001BBDB4 /* HTTPRedirectResponse.h */ = {isa = PBXFileReference; fileEncoding = 4; lastKnownFileType = sourcecode.c.h; path = HTTPRedirectResponse.h; sourceTree = "<group>"; };
		F02441FC1F2B1626001BBDB4 /* HTTPRedirectResponse.m */ = {isa = PBXFileReference; fileEncoding = 4; lastKnownFileType = sourcecode.c.objc; path = HTTPRedirectResponse.m; sourceTree = "<group>"; };
		F02441FD1F2B1626001BBDB4 /* WebSocket.h */ = {isa = PBXFileReference; fileEncoding = 4; lastKnownFileType = sourcecode.c.h; path = WebSocket.h; sourceTree = "<group>"; };
		F02441FE1F2B1626001BBDB4 /* WebSocket.m */ = {isa = PBXFileReference; fileEncoding = 4; lastKnownFileType = sourcecode.c.objc; path = WebSocket.m; sourceTree = "<group>"; };
		F024421C1F2B1C14001BBDB4 /* GCDAsyncSocket.h */ = {isa = PBXFileReference; fileEncoding = 4; lastKnownFileType = sourcecode.c.h; path = GCDAsyncSocket.h; sourceTree = "<group>"; };
		F024421D1F2B1C14001BBDB4 /* GCDAsyncSocket.m */ = {isa = PBXFileReference; fileEncoding = 4; lastKnownFileType = sourcecode.c.objc; path = GCDAsyncSocket.m; sourceTree = "<group>"; };
		F02442211F2B1D76001BBDB4 /* CLIColor.h */ = {isa = PBXFileReference; fileEncoding = 4; lastKnownFileType = sourcecode.c.h; path = CLIColor.h; sourceTree = "<group>"; };
		F02442221F2B1D76001BBDB4 /* CLIColor.m */ = {isa = PBXFileReference; fileEncoding = 4; lastKnownFileType = sourcecode.c.objc; path = CLIColor.m; sourceTree = "<group>"; };
		F02442241F2B1D76001BBDB4 /* DDContextFilterLogFormatter.h */ = {isa = PBXFileReference; fileEncoding = 4; lastKnownFileType = sourcecode.c.h; path = DDContextFilterLogFormatter.h; sourceTree = "<group>"; };
		F02442251F2B1D76001BBDB4 /* DDContextFilterLogFormatter.m */ = {isa = PBXFileReference; fileEncoding = 4; lastKnownFileType = sourcecode.c.objc; path = DDContextFilterLogFormatter.m; sourceTree = "<group>"; };
		F02442261F2B1D76001BBDB4 /* DDDispatchQueueLogFormatter.h */ = {isa = PBXFileReference; fileEncoding = 4; lastKnownFileType = sourcecode.c.h; path = DDDispatchQueueLogFormatter.h; sourceTree = "<group>"; };
		F02442271F2B1D76001BBDB4 /* DDDispatchQueueLogFormatter.m */ = {isa = PBXFileReference; fileEncoding = 4; lastKnownFileType = sourcecode.c.objc; path = DDDispatchQueueLogFormatter.m; sourceTree = "<group>"; };
		F02442281F2B1D76001BBDB4 /* DDMultiFormatter.h */ = {isa = PBXFileReference; fileEncoding = 4; lastKnownFileType = sourcecode.c.h; path = DDMultiFormatter.h; sourceTree = "<group>"; };
		F02442291F2B1D76001BBDB4 /* DDMultiFormatter.m */ = {isa = PBXFileReference; fileEncoding = 4; lastKnownFileType = sourcecode.c.objc; path = DDMultiFormatter.m; sourceTree = "<group>"; };
		F024422A1F2B1D76001BBDB4 /* CocoaLumberjack.h */ = {isa = PBXFileReference; fileEncoding = 4; lastKnownFileType = sourcecode.c.h; path = CocoaLumberjack.h; sourceTree = "<group>"; };
		F024422B1F2B1D76001BBDB4 /* DDAbstractDatabaseLogger.h */ = {isa = PBXFileReference; fileEncoding = 4; lastKnownFileType = sourcecode.c.h; path = DDAbstractDatabaseLogger.h; sourceTree = "<group>"; };
		F024422C1F2B1D76001BBDB4 /* DDAbstractDatabaseLogger.m */ = {isa = PBXFileReference; fileEncoding = 4; lastKnownFileType = sourcecode.c.objc; path = DDAbstractDatabaseLogger.m; sourceTree = "<group>"; };
		F024422D1F2B1D76001BBDB4 /* DDASLLogCapture.h */ = {isa = PBXFileReference; fileEncoding = 4; lastKnownFileType = sourcecode.c.h; path = DDASLLogCapture.h; sourceTree = "<group>"; };
		F024422E1F2B1D76001BBDB4 /* DDASLLogCapture.m */ = {isa = PBXFileReference; fileEncoding = 4; lastKnownFileType = sourcecode.c.objc; path = DDASLLogCapture.m; sourceTree = "<group>"; };
		F024422F1F2B1D76001BBDB4 /* DDASLLogger.h */ = {isa = PBXFileReference; fileEncoding = 4; lastKnownFileType = sourcecode.c.h; path = DDASLLogger.h; sourceTree = "<group>"; };
		F02442301F2B1D76001BBDB4 /* DDASLLogger.m */ = {isa = PBXFileReference; fileEncoding = 4; lastKnownFileType = sourcecode.c.objc; path = DDASLLogger.m; sourceTree = "<group>"; };
		F02442311F2B1D76001BBDB4 /* DDAssertMacros.h */ = {isa = PBXFileReference; fileEncoding = 4; lastKnownFileType = sourcecode.c.h; path = DDAssertMacros.h; sourceTree = "<group>"; };
		F02442321F2B1D76001BBDB4 /* DDFileLogger.h */ = {isa = PBXFileReference; fileEncoding = 4; lastKnownFileType = sourcecode.c.h; path = DDFileLogger.h; sourceTree = "<group>"; };
		F02442331F2B1D76001BBDB4 /* DDFileLogger.m */ = {isa = PBXFileReference; fileEncoding = 4; lastKnownFileType = sourcecode.c.objc; path = DDFileLogger.m; sourceTree = "<group>"; };
		F02442341F2B1D76001BBDB4 /* DDLegacyMacros.h */ = {isa = PBXFileReference; fileEncoding = 4; lastKnownFileType = sourcecode.c.h; path = DDLegacyMacros.h; sourceTree = "<group>"; };
		F02442351F2B1D76001BBDB4 /* DDLog.h */ = {isa = PBXFileReference; fileEncoding = 4; lastKnownFileType = sourcecode.c.h; path = DDLog.h; sourceTree = "<group>"; };
		F02442361F2B1D76001BBDB4 /* DDLog.m */ = {isa = PBXFileReference; fileEncoding = 4; lastKnownFileType = sourcecode.c.objc; path = DDLog.m; sourceTree = "<group>"; };
		F02442371F2B1D76001BBDB4 /* DDLog+LOGV.h */ = {isa = PBXFileReference; fileEncoding = 4; lastKnownFileType = sourcecode.c.h; path = "DDLog+LOGV.h"; sourceTree = "<group>"; };
		F02442381F2B1D76001BBDB4 /* DDLogMacros.h */ = {isa = PBXFileReference; fileEncoding = 4; lastKnownFileType = sourcecode.c.h; path = DDLogMacros.h; sourceTree = "<group>"; };
		F02442391F2B1D76001BBDB4 /* DDOSLogger.h */ = {isa = PBXFileReference; fileEncoding = 4; lastKnownFileType = sourcecode.c.h; path = DDOSLogger.h; sourceTree = "<group>"; };
		F024423A1F2B1D76001BBDB4 /* DDOSLogger.m */ = {isa = PBXFileReference; fileEncoding = 4; lastKnownFileType = sourcecode.c.objc; path = DDOSLogger.m; sourceTree = "<group>"; };
		F024423B1F2B1D76001BBDB4 /* DDTTYLogger.h */ = {isa = PBXFileReference; fileEncoding = 4; lastKnownFileType = sourcecode.c.h; path = DDTTYLogger.h; sourceTree = "<group>"; };
		F024423C1F2B1D76001BBDB4 /* DDTTYLogger.m */ = {isa = PBXFileReference; fileEncoding = 4; lastKnownFileType = sourcecode.c.objc; path = DDTTYLogger.m; sourceTree = "<group>"; };
/* End PBXFileReference section */

/* Begin PBXFrameworksBuildPhase section */
		F02440D21F2AE881001BBDB4 /* Frameworks */ = {
			isa = PBXFrameworksBuildPhase;
			buildActionMask = 2147483647;
			files = (
			);
			runOnlyForDeploymentPostprocessing = 0;
		};
/* End PBXFrameworksBuildPhase section */

/* Begin PBXGroup section */
		F02440CC1F2AE881001BBDB4 = {
			isa = PBXGroup;
			children = (
				F02440D71F2AE881001BBDB4 /* ESCSpeedyDesktopManager */,
				F02440D61F2AE881001BBDB4 /* Products */,
			);
			sourceTree = "<group>";
		};
		F02440D61F2AE881001BBDB4 /* Products */ = {
			isa = PBXGroup;
			children = (
				F02440D51F2AE881001BBDB4 /* ESCSpeedyDesktopManager.app */,
			);
			name = Products;
			sourceTree = "<group>";
		};
		F02440D71F2AE881001BBDB4 /* ESCSpeedyDesktopManager */ = {
			isa = PBXGroup;
			children = (
				F02440EF1F2AE8BE001BBDB4 /* ESCSpeedyDesktopManager */,
				F02440DB1F2AE882001BBDB4 /* AppDelegate.h */,
				F02440DC1F2AE882001BBDB4 /* AppDelegate.m */,
				F02440DE1F2AE882001BBDB4 /* ViewController.h */,
				F02440DF1F2AE882001BBDB4 /* ViewController.m */,
				F02440E11F2AE882001BBDB4 /* Main.storyboard */,
				F02440E41F2AE882001BBDB4 /* Assets.xcassets */,
				F02440E61F2AE882001BBDB4 /* LaunchScreen.storyboard */,
				F02440E91F2AE882001BBDB4 /* Info.plist */,
				F02440D81F2AE882001BBDB4 /* Supporting Files */,
			);
			path = ESCSpeedyDesktopManager;
			sourceTree = "<group>";
		};
		F02440D81F2AE882001BBDB4 /* Supporting Files */ = {
			isa = PBXGroup;
			children = (
				F02440D91F2AE882001BBDB4 /* main.m */,
			);
			name = "Supporting Files";
			sourceTree = "<group>";
		};
		F02440EF1F2AE8BE001BBDB4 /* ESCSpeedyDesktopManager */ = {
			isa = PBXGroup;
			children = (
				F02441BE1F2B1626001BBDB4 /* Vender */,
				F024415D1F2AE9DE001BBDB4 /* ESCSpeedyDesktopManager.h */,
				F024415E1F2AE9DE001BBDB4 /* ESCSpeedyDesktopManager.m */,
			);
			path = ESCSpeedyDesktopManager;
			sourceTree = "<group>";
		};
		F02441BE1F2B1626001BBDB4 /* Vender */ = {
			isa = PBXGroup;
			children = (
				F02441D71F2B1626001BBDB4 /* HTTPServer */,
				F02441C11F2B1626001BBDB4 /* CocoaAsyncSocket */,
				F024421F1F2B1D63001BBDB4 /* CocoaLumberjack */,
				F02441BF1F2B1626001BBDB4 /* Base64.h */,
				F02441C01F2B1626001BBDB4 /* Base64.m */,
			);
			path = Vender;
			sourceTree = "<group>";
		};
		F02441C11F2B1626001BBDB4 /* CocoaAsyncSocket */ = {
			isa = PBXGroup;
			children = (
				F024421C1F2B1C14001BBDB4 /* GCDAsyncSocket.h */,
				F024421D1F2B1C14001BBDB4 /* GCDAsyncSocket.m */,
			);
			path = CocoaAsyncSocket;
			sourceTree = "<group>";
		};
		F02441D71F2B1626001BBDB4 /* HTTPServer */ = {
			isa = PBXGroup;
			children = (
				F02441D81F2B1626001BBDB4 /* Categories */,
				F02441DF1F2B1626001BBDB4 /* HTTPAuthenticationRequest.h */,
				F02441E01F2B1626001BBDB4 /* HTTPAuthenticationRequest.m */,
				F02441E11F2B1626001BBDB4 /* HTTPConnection.h */,
				F02441E21F2B1626001BBDB4 /* HTTPConnection.m */,
				F02441E31F2B1626001BBDB4 /* HTTPLogging.h */,
				F02441E41F2B1626001BBDB4 /* HTTPMessage.h */,
				F02441E51F2B1626001BBDB4 /* HTTPMessage.m */,
				F02441E61F2B1626001BBDB4 /* HTTPResponse.h */,
				F02441E71F2B1626001BBDB4 /* HTTPServer.h */,
				F02441E81F2B1626001BBDB4 /* HTTPServer.m */,
				F02441E91F2B1626001BBDB4 /* Mime */,
				F02441F01F2B1626001BBDB4 /* Responses */,
				F02441FD1F2B1626001BBDB4 /* WebSocket.h */,
				F02441FE1F2B1626001BBDB4 /* WebSocket.m */,
			);
			name = HTTPServer;
			path = Core;
			sourceTree = "<group>";
		};
		F02441D81F2B1626001BBDB4 /* Categories */ = {
			isa = PBXGroup;
			children = (
				F02441D91F2B1626001BBDB4 /* DDData.h */,
				F02441DA1F2B1626001BBDB4 /* DDData.m */,
				F02441DB1F2B1626001BBDB4 /* DDNumber.h */,
				F02441DC1F2B1626001BBDB4 /* DDNumber.m */,
				F02441DD1F2B1626001BBDB4 /* DDRange.h */,
				F02441DE1F2B1626001BBDB4 /* DDRange.m */,
			);
			path = Categories;
			sourceTree = "<group>";
		};
		F02441E91F2B1626001BBDB4 /* Mime */ = {
			isa = PBXGroup;
			children = (
				F02441EA1F2B1626001BBDB4 /* MultipartFormDataParser.h */,
				F02441EB1F2B1626001BBDB4 /* MultipartFormDataParser.m */,
				F02441EC1F2B1626001BBDB4 /* MultipartMessageHeader.h */,
				F02441ED1F2B1626001BBDB4 /* MultipartMessageHeader.m */,
				F02441EE1F2B1626001BBDB4 /* MultipartMessageHeaderField.h */,
				F02441EF1F2B1626001BBDB4 /* MultipartMessageHeaderField.m */,
			);
			path = Mime;
			sourceTree = "<group>";
		};
		F02441F01F2B1626001BBDB4 /* Responses */ = {
			isa = PBXGroup;
			children = (
				F02441F11F2B1626001BBDB4 /* HTTPAsyncFileResponse.h */,
				F02441F21F2B1626001BBDB4 /* HTTPAsyncFileResponse.m */,
				F02441F31F2B1626001BBDB4 /* HTTPDataResponse.h */,
				F02441F41F2B1626001BBDB4 /* HTTPDataResponse.m */,
				F02441F51F2B1626001BBDB4 /* HTTPDynamicFileResponse.h */,
				F02441F61F2B1626001BBDB4 /* HTTPDynamicFileResponse.m */,
				F02441F71F2B1626001BBDB4 /* HTTPErrorResponse.h */,
				F02441F81F2B1626001BBDB4 /* HTTPErrorResponse.m */,
				F02441F91F2B1626001BBDB4 /* HTTPFileResponse.h */,
				F02441FA1F2B1626001BBDB4 /* HTTPFileResponse.m */,
				F02441FB1F2B1626001BBDB4 /* HTTPRedirectResponse.h */,
				F02441FC1F2B1626001BBDB4 /* HTTPRedirectResponse.m */,
			);
			path = Responses;
			sourceTree = "<group>";
		};
		F024421F1F2B1D63001BBDB4 /* CocoaLumberjack */ = {
			isa = PBXGroup;
			children = (
				F02442201F2B1D76001BBDB4 /* CLI */,
				F02442231F2B1D76001BBDB4 /* Extensions */,
				F024422A1F2B1D76001BBDB4 /* CocoaLumberjack.h */,
				F024422B1F2B1D76001BBDB4 /* DDAbstractDatabaseLogger.h */,
				F024422C1F2B1D76001BBDB4 /* DDAbstractDatabaseLogger.m */,
				F024422D1F2B1D76001BBDB4 /* DDASLLogCapture.h */,
				F024422E1F2B1D76001BBDB4 /* DDASLLogCapture.m */,
				F024422F1F2B1D76001BBDB4 /* DDASLLogger.h */,
				F02442301F2B1D76001BBDB4 /* DDASLLogger.m */,
				F02442311F2B1D76001BBDB4 /* DDAssertMacros.h */,
				F02442321F2B1D76001BBDB4 /* DDFileLogger.h */,
				F02442331F2B1D76001BBDB4 /* DDFileLogger.m */,
				F02442341F2B1D76001BBDB4 /* DDLegacyMacros.h */,
				F02442351F2B1D76001BBDB4 /* DDLog.h */,
				F02442361F2B1D76001BBDB4 /* DDLog.m */,
				F02442371F2B1D76001BBDB4 /* DDLog+LOGV.h */,
				F02442381F2B1D76001BBDB4 /* DDLogMacros.h */,
				F02442391F2B1D76001BBDB4 /* DDOSLogger.h */,
				F024423A1F2B1D76001BBDB4 /* DDOSLogger.m */,
				F024423B1F2B1D76001BBDB4 /* DDTTYLogger.h */,
				F024423C1F2B1D76001BBDB4 /* DDTTYLogger.m */,
			);
			path = CocoaLumberjack;
			sourceTree = "<group>";
		};
		F02442201F2B1D76001BBDB4 /* CLI */ = {
			isa = PBXGroup;
			children = (
				F02442211F2B1D76001BBDB4 /* CLIColor.h */,
				F02442221F2B1D76001BBDB4 /* CLIColor.m */,
			);
			path = CLI;
			sourceTree = "<group>";
		};
		F02442231F2B1D76001BBDB4 /* Extensions */ = {
			isa = PBXGroup;
			children = (
				F02442241F2B1D76001BBDB4 /* DDContextFilterLogFormatter.h */,
				F02442251F2B1D76001BBDB4 /* DDContextFilterLogFormatter.m */,
				F02442261F2B1D76001BBDB4 /* DDDispatchQueueLogFormatter.h */,
				F02442271F2B1D76001BBDB4 /* DDDispatchQueueLogFormatter.m */,
				F02442281F2B1D76001BBDB4 /* DDMultiFormatter.h */,
				F02442291F2B1D76001BBDB4 /* DDMultiFormatter.m */,
			);
			path = Extensions;
			sourceTree = "<group>";
		};
/* End PBXGroup section */

/* Begin PBXNativeTarget section */
		F02440D41F2AE881001BBDB4 /* ESCSpeedyDesktopManager */ = {
			isa = PBXNativeTarget;
			buildConfigurationList = F02440EC1F2AE882001BBDB4 /* Build configuration list for PBXNativeTarget "ESCSpeedyDesktopManager" */;
			buildPhases = (
				F02440D11F2AE881001BBDB4 /* Sources */,
				F02440D21F2AE881001BBDB4 /* Frameworks */,
				F02440D31F2AE881001BBDB4 /* Resources */,
			);
			buildRules = (
			);
			dependencies = (
			);
			name = ESCSpeedyDesktopManager;
			productName = ESCSpeedyDesktopManager;
			productReference = F02440D51F2AE881001BBDB4 /* ESCSpeedyDesktopManager.app */;
			productType = "com.apple.product-type.application";
		};
/* End PBXNativeTarget section */

/* Begin PBXProject section */
		F02440CD1F2AE881001BBDB4 /* Project object */ = {
			isa = PBXProject;
			attributes = {
				LastUpgradeCheck = 0830;
				ORGANIZATIONNAME = xiang;
				TargetAttributes = {
					F02440D41F2AE881001BBDB4 = {
						CreatedOnToolsVersion = 8.3.3;
						DevelopmentTeam = S5BVK59226;
						LastSwiftMigration = 0830;
						ProvisioningStyle = Automatic;
					};
				};
			};
			buildConfigurationList = F02440D01F2AE881001BBDB4 /* Build configuration list for PBXProject "ESCSpeedyDesktopManager" */;
			compatibilityVersion = "Xcode 3.2";
			developmentRegion = English;
			hasScannedForEncodings = 0;
			knownRegions = (
				en,
				Base,
			);
			mainGroup = F02440CC1F2AE881001BBDB4;
			productRefGroup = F02440D61F2AE881001BBDB4 /* Products */;
			projectDirPath = "";
			projectRoot = "";
			targets = (
				F02440D41F2AE881001BBDB4 /* ESCSpeedyDesktopManager */,
			);
		};
/* End PBXProject section */

/* Begin PBXResourcesBuildPhase section */
		F02440D31F2AE881001BBDB4 /* Resources */ = {
			isa = PBXResourcesBuildPhase;
			buildActionMask = 2147483647;
			files = (
				F02440E81F2AE882001BBDB4 /* LaunchScreen.storyboard in Resources */,
				F02440E51F2AE882001BBDB4 /* Assets.xcassets in Resources */,
				F02440E31F2AE882001BBDB4 /* Main.storyboard in Resources */,
			);
			runOnlyForDeploymentPostprocessing = 0;
		};
/* End PBXResourcesBuildPhase section */

/* Begin PBXSourcesBuildPhase section */
		F02440D11F2AE881001BBDB4 /* Sources */ = {
			isa = PBXSourcesBuildPhase;
			buildActionMask = 2147483647;
			files = (
				F024423E1F2B1D76001BBDB4 /* DDContextFilterLogFormatter.m in Sources */,
				F024423F1F2B1D76001BBDB4 /* DDDispatchQueueLogFormatter.m in Sources */,
				F02442121F2B1626001BBDB4 /* MultipartFormDataParser.m in Sources */,
				F024420F1F2B1626001BBDB4 /* HTTPConnection.m in Sources */,
				F02442161F2B1626001BBDB4 /* HTTPDataResponse.m in Sources */,
				F02442171F2B1626001BBDB4 /* HTTPDynamicFileResponse.m in Sources */,
				F024421E1F2B1C14001BBDB4 /* GCDAsyncSocket.m in Sources */,
				F02440E01F2AE882001BBDB4 /* ViewController.m in Sources */,
				F02442181F2B1626001BBDB4 /* HTTPErrorResponse.m in Sources */,
				F024421B1F2B1626001BBDB4 /* WebSocket.m in Sources */,
				F02442421F2B1D76001BBDB4 /* DDASLLogCapture.m in Sources */,
				F02441FF1F2B1626001BBDB4 /* Base64.m in Sources */,
				F02442451F2B1D76001BBDB4 /* DDLog.m in Sources */,
				F02442131F2B1626001BBDB4 /* MultipartMessageHeader.m in Sources */,
				F02440DD1F2AE882001BBDB4 /* AppDelegate.m in Sources */,
				F02442431F2B1D76001BBDB4 /* DDASLLogger.m in Sources */,
				F024420C1F2B1626001BBDB4 /* DDNumber.m in Sources */,
				F024420D1F2B1626001BBDB4 /* DDRange.m in Sources */,
				F02442401F2B1D76001BBDB4 /* DDMultiFormatter.m in Sources */,
				F024420B1F2B1626001BBDB4 /* DDData.m in Sources */,
				F024415F1F2AE9DE001BBDB4 /* ESCSpeedyDesktopManager.m in Sources */,
				F02442471F2B1D76001BBDB4 /* DDTTYLogger.m in Sources */,
				F02442441F2B1D76001BBDB4 /* DDFileLogger.m in Sources */,
				F02442411F2B1D76001BBDB4 /* DDAbstractDatabaseLogger.m in Sources */,
				F02442111F2B1626001BBDB4 /* HTTPServer.m in Sources */,
				F02442141F2B1626001BBDB4 /* MultipartMessageHeaderField.m in Sources */,
				F02442461F2B1D76001BBDB4 /* DDOSLogger.m in Sources */,
				F024421A1F2B1626001BBDB4 /* HTTPRedirectResponse.m in Sources */,
				F02442101F2B1626001BBDB4 /* HTTPMessage.m in Sources */,
				F02440DA1F2AE882001BBDB4 /* main.m in Sources */,
				F024423D1F2B1D76001BBDB4 /* CLIColor.m in Sources */,
				F02442191F2B1626001BBDB4 /* HTTPFileResponse.m in Sources */,
				F024420E1F2B1626001BBDB4 /* HTTPAuthenticationRequest.m in Sources */,
				F02442151F2B1626001BBDB4 /* HTTPAsyncFileResponse.m in Sources */,
			);
			runOnlyForDeploymentPostprocessing = 0;
		};
/* End PBXSourcesBuildPhase section */

/* Begin PBXVariantGroup section */
		F02440E11F2AE882001BBDB4 /* Main.storyboard */ = {
			isa = PBXVariantGroup;
			children = (
				F02440E21F2AE882001BBDB4 /* Base */,
			);
			name = Main.storyboard;
			sourceTree = "<group>";
		};
		F02440E61F2AE882001BBDB4 /* LaunchScreen.storyboard */ = {
			isa = PBXVariantGroup;
			children = (
				F02440E71F2AE882001BBDB4 /* Base */,
			);
			name = LaunchScreen.storyboard;
			sourceTree = "<group>";
		};
/* End PBXVariantGroup section */

/* Begin XCBuildConfiguration section */
		F02440EA1F2AE882001BBDB4 /* Debug */ = {
			isa = XCBuildConfiguration;
			buildSettings = {
				ALWAYS_SEARCH_USER_PATHS = NO;
				CLANG_ANALYZER_NONNULL = YES;
				CLANG_ANALYZER_NUMBER_OBJECT_CONVERSION = YES_AGGRESSIVE;
				CLANG_CXX_LANGUAGE_STANDARD = "gnu++0x";
				CLANG_CXX_LIBRARY = "libc++";
				CLANG_ENABLE_MODULES = YES;
				CLANG_ENABLE_OBJC_ARC = YES;
				CLANG_WARN_BOOL_CONVERSION = YES;
				CLANG_WARN_CONSTANT_CONVERSION = YES;
				CLANG_WARN_DIRECT_OBJC_ISA_USAGE = YES_ERROR;
				CLANG_WARN_DOCUMENTATION_COMMENTS = YES;
				CLANG_WARN_EMPTY_BODY = YES;
				CLANG_WARN_ENUM_CONVERSION = YES;
				CLANG_WARN_INFINITE_RECURSION = YES;
				CLANG_WARN_INT_CONVERSION = YES;
				CLANG_WARN_OBJC_ROOT_CLASS = YES_ERROR;
				CLANG_WARN_SUSPICIOUS_MOVE = YES;
				CLANG_WARN_UNREACHABLE_CODE = YES;
				CLANG_WARN__DUPLICATE_METHOD_MATCH = YES;
				"CODE_SIGN_IDENTITY[sdk=iphoneos*]" = "iPhone Developer";
				COPY_PHASE_STRIP = NO;
				DEBUG_INFORMATION_FORMAT = dwarf;
				ENABLE_STRICT_OBJC_MSGSEND = YES;
				ENABLE_TESTABILITY = YES;
				GCC_C_LANGUAGE_STANDARD = gnu99;
				GCC_DYNAMIC_NO_PIC = NO;
				GCC_NO_COMMON_BLOCKS = YES;
				GCC_OPTIMIZATION_LEVEL = 0;
				GCC_PREPROCESSOR_DEFINITIONS = (
					"DEBUG=1",
					"$(inherited)",
				);
				GCC_WARN_64_TO_32_BIT_CONVERSION = YES;
				GCC_WARN_ABOUT_RETURN_TYPE = YES_ERROR;
				GCC_WARN_UNDECLARED_SELECTOR = YES;
				GCC_WARN_UNINITIALIZED_AUTOS = YES_AGGRESSIVE;
				GCC_WARN_UNUSED_FUNCTION = YES;
				GCC_WARN_UNUSED_VARIABLE = YES;
				IPHONEOS_DEPLOYMENT_TARGET = 10.3;
				MTL_ENABLE_DEBUG_INFO = YES;
				ONLY_ACTIVE_ARCH = YES;
				SDKROOT = iphoneos;
			};
			name = Debug;
		};
		F02440EB1F2AE882001BBDB4 /* Release */ = {
			isa = XCBuildConfiguration;
			buildSettings = {
				ALWAYS_SEARCH_USER_PATHS = NO;
				CLANG_ANALYZER_NONNULL = YES;
				CLANG_ANALYZER_NUMBER_OBJECT_CONVERSION = YES_AGGRESSIVE;
				CLANG_CXX_LANGUAGE_STANDARD = "gnu++0x";
				CLANG_CXX_LIBRARY = "libc++";
				CLANG_ENABLE_MODULES = YES;
				CLANG_ENABLE_OBJC_ARC = YES;
				CLANG_WARN_BOOL_CONVERSION = YES;
				CLANG_WARN_CONSTANT_CONVERSION = YES;
				CLANG_WARN_DIRECT_OBJC_ISA_USAGE = YES_ERROR;
				CLANG_WARN_DOCUMENTATION_COMMENTS = YES;
				CLANG_WARN_EMPTY_BODY = YES;
				CLANG_WARN_ENUM_CONVERSION = YES;
				CLANG_WARN_INFINITE_RECURSION = YES;
				CLANG_WARN_INT_CONVERSION = YES;
				CLANG_WARN_OBJC_ROOT_CLASS = YES_ERROR;
				CLANG_WARN_SUSPICIOUS_MOVE = YES;
				CLANG_WARN_UNREACHABLE_CODE = YES;
				CLANG_WARN__DUPLICATE_METHOD_MATCH = YES;
				"CODE_SIGN_IDENTITY[sdk=iphoneos*]" = "iPhone Developer";
				COPY_PHASE_STRIP = NO;
				DEBUG_INFORMATION_FORMAT = "dwarf-with-dsym";
				ENABLE_NS_ASSERTIONS = NO;
				ENABLE_STRICT_OBJC_MSGSEND = YES;
				GCC_C_LANGUAGE_STANDARD = gnu99;
				GCC_NO_COMMON_BLOCKS = YES;
				GCC_WARN_64_TO_32_BIT_CONVERSION = YES;
				GCC_WARN_ABOUT_RETURN_TYPE = YES_ERROR;
				GCC_WARN_UNDECLARED_SELECTOR = YES;
				GCC_WARN_UNINITIALIZED_AUTOS = YES_AGGRESSIVE;
				GCC_WARN_UNUSED_FUNCTION = YES;
				GCC_WARN_UNUSED_VARIABLE = YES;
				IPHONEOS_DEPLOYMENT_TARGET = 10.3;
				MTL_ENABLE_DEBUG_INFO = NO;
				SDKROOT = iphoneos;
				VALIDATE_PRODUCT = YES;
			};
			name = Release;
		};
		F02440ED1F2AE882001BBDB4 /* Debug */ = {
			isa = XCBuildConfiguration;
			buildSettings = {
				ASSETCATALOG_COMPILER_APPICON_NAME = AppIcon;
				CLANG_ENABLE_MODULES = YES;
				DEVELOPMENT_TEAM = S5BVK59226;
				INFOPLIST_FILE = ESCSpeedyDesktopManager/Info.plist;
				IPHONEOS_DEPLOYMENT_TARGET = 8.0;
				LD_RUNPATH_SEARCH_PATHS = "$(inherited) @executable_path/Frameworks";
				PRODUCT_BUNDLE_IDENTIFIER = com.github.XMSECODE.ESCSpeedyDesktopManager;
				PRODUCT_NAME = "$(TARGET_NAME)";
				SWIFT_OPTIMIZATION_LEVEL = "-Onone";
				SWIFT_VERSION = 3.0;
			};
			name = Debug;
		};
		F02440EE1F2AE882001BBDB4 /* Release */ = {
			isa = XCBuildConfiguration;
			buildSettings = {
				ASSETCATALOG_COMPILER_APPICON_NAME = AppIcon;
				CLANG_ENABLE_MODULES = YES;
				DEVELOPMENT_TEAM = S5BVK59226;
				INFOPLIST_FILE = ESCSpeedyDesktopManager/Info.plist;
				IPHONEOS_DEPLOYMENT_TARGET = 8.0;
				LD_RUNPATH_SEARCH_PATHS = "$(inherited) @executable_path/Frameworks";
				PRODUCT_BUNDLE_IDENTIFIER = com.github.XMSECODE.ESCSpeedyDesktopManager;
				PRODUCT_NAME = "$(TARGET_NAME)";
				SWIFT_VERSION = 3.0;
			};
			name = Release;
		};
/* End XCBuildConfiguration section */

/* Begin XCConfigurationList section */
		F02440D01F2AE881001BBDB4 /* Build configuration list for PBXProject "ESCSpeedyDesktopManager" */ = {
			isa = XCConfigurationList;
			buildConfigurations = (
				F02440EA1F2AE882001BBDB4 /* Debug */,
				F02440EB1F2AE882001BBDB4 /* Release */,
			);
			defaultConfigurationIsVisible = 0;
			defaultConfigurationName = Release;
		};
		F02440EC1F2AE882001BBDB4 /* Build configuration list for PBXNativeTarget "ESCSpeedyDesktopManager" */ = {
			isa = XCConfigurationList;
			buildConfigurations = (
				F02440ED1F2AE882001BBDB4 /* Debug */,
				F02440EE1F2AE882001BBDB4 /* Release */,
			);
			defaultConfigurationIsVisible = 0;
			defaultConfigurationName = Release;
		};
/* End XCConfigurationList section */
	};
	rootObject = F02440CD1F2AE881001BBDB4 /* Project object */;
}
