// !$*UTF8*$!
{
	archiveVersion = 1;
	classes = {
	};
	objectVersion = 46;
	objects = {

/* Begin PBXBuildFile section */
		F02440DA1F2AE882001BBDB4 /* main.m in Sources */ = {isa = PBXBuildFile; fileRef = F02440D91F2AE882001BBDB4 /* main.m */; };
		F02440DD1F2AE882001BBDB4 /* AppDelegate.m in Sources */ = {isa = PBXBuildFile; fileRef = F02440DC1F2AE882001BBDB4 /* AppDelegate.m */; };
		F02440E01F2AE882001BBDB4 /* ViewController.m in Sources */ = {isa = PBXBuildFile; fileRef = F02440DF1F2AE882001BBDB4 /* ViewController.m */; };
		F02440E31F2AE882001BBDB4 /* Main.storyboard in Resources */ = {isa = PBXBuildFile; fileRef = F02440E11F2AE882001BBDB4 /* Main.storyboard */; };
		F02440E51F2AE882001BBDB4 /* Assets.xcassets in Resources */ = {isa = PBXBuildFile; fileRef = F02440E41F2AE882001BBDB4 /* Assets.xcassets */; };
		F02440E81F2AE882001BBDB4 /* LaunchScreen.storyboard in Resources */ = {isa = PBXBuildFile; fileRef = F02440E61F2AE882001BBDB4 /* LaunchScreen.storyboard */; };
		F024415C1F2AE9AF001BBDB4 /* Base64.m in Sources */ = {isa = PBXBuildFile; fileRef = F024415B1F2AE9AF001BBDB4 /* Base64.m */; };
		F024415F1F2AE9DE001BBDB4 /* ESCSpeedyDesktopManager.m in Sources */ = {isa = PBXBuildFile; fileRef = F024415E1F2AE9DE001BBDB4 /* ESCSpeedyDesktopManager.m */; };
		F02441A11F2B0869001BBDB4 /* DDData.m in Sources */ = {isa = PBXBuildFile; fileRef = F02441631F2B0868001BBDB4 /* DDData.m */; };
		F02441A21F2B0869001BBDB4 /* DDNumber.m in Sources */ = {isa = PBXBuildFile; fileRef = F02441651F2B0868001BBDB4 /* DDNumber.m */; };
		F02441A31F2B0869001BBDB4 /* DDRange.m in Sources */ = {isa = PBXBuildFile; fileRef = F02441671F2B0868001BBDB4 /* DDRange.m */; };
		F02441A41F2B0869001BBDB4 /* HTTPAuthenticationRequest.m in Sources */ = {isa = PBXBuildFile; fileRef = F02441691F2B0868001BBDB4 /* HTTPAuthenticationRequest.m */; };
		F02441A51F2B0869001BBDB4 /* HTTPConnection.m in Sources */ = {isa = PBXBuildFile; fileRef = F024416B1F2B0868001BBDB4 /* HTTPConnection.m */; };
		F02441A61F2B0869001BBDB4 /* HTTPMessage.m in Sources */ = {isa = PBXBuildFile; fileRef = F024416E1F2B0868001BBDB4 /* HTTPMessage.m */; };
		F02441A71F2B0869001BBDB4 /* HTTPServer.m in Sources */ = {isa = PBXBuildFile; fileRef = F02441711F2B0868001BBDB4 /* HTTPServer.m */; };
		F02441A81F2B0869001BBDB4 /* MultipartFormDataParser.m in Sources */ = {isa = PBXBuildFile; fileRef = F02441741F2B0868001BBDB4 /* MultipartFormDataParser.m */; };
		F02441A91F2B0869001BBDB4 /* MultipartMessageHeader.m in Sources */ = {isa = PBXBuildFile; fileRef = F02441761F2B0868001BBDB4 /* MultipartMessageHeader.m */; };
		F02441AA1F2B0869001BBDB4 /* MultipartMessageHeaderField.m in Sources */ = {isa = PBXBuildFile; fileRef = F02441781F2B0868001BBDB4 /* MultipartMessageHeaderField.m */; };
		F02441AB1F2B0869001BBDB4 /* HTTPAsyncFileResponse.m in Sources */ = {isa = PBXBuildFile; fileRef = F024417B1F2B0868001BBDB4 /* HTTPAsyncFileResponse.m */; };
		F02441AC1F2B0869001BBDB4 /* HTTPDataResponse.m in Sources */ = {isa = PBXBuildFile; fileRef = F024417D1F2B0868001BBDB4 /* HTTPDataResponse.m */; };
		F02441AD1F2B0869001BBDB4 /* HTTPDynamicFileResponse.m in Sources */ = {isa = PBXBuildFile; fileRef = F024417F1F2B0868001BBDB4 /* HTTPDynamicFileResponse.m */; };
		F02441AE1F2B0869001BBDB4 /* HTTPErrorResponse.m in Sources */ = {isa = PBXBuildFile; fileRef = F02441811F2B0868001BBDB4 /* HTTPErrorResponse.m */; };
		F02441AF1F2B0869001BBDB4 /* HTTPFileResponse.m in Sources */ = {isa = PBXBuildFile; fileRef = F02441831F2B0868001BBDB4 /* HTTPFileResponse.m */; };
		F02441B01F2B0869001BBDB4 /* HTTPRedirectResponse.m in Sources */ = {isa = PBXBuildFile; fileRef = F02441851F2B0868001BBDB4 /* HTTPRedirectResponse.m */; };
		F02441B11F2B0869001BBDB4 /* WebSocket.m in Sources */ = {isa = PBXBuildFile; fileRef = F02441871F2B0868001BBDB4 /* WebSocket.m */; };
		F02441B21F2B0869001BBDB4 /* About.txt in Resources */ = {isa = PBXBuildFile; fileRef = F024418A1F2B0868001BBDB4 /* About.txt */; };
		F02441B31F2B0869001BBDB4 /* GCDAsyncSocket.m in Sources */ = {isa = PBXBuildFile; fileRef = F024418C1F2B0868001BBDB4 /* GCDAsyncSocket.m */; };
		F02441B41F2B0869001BBDB4 /* About.txt in Resources */ = {isa = PBXBuildFile; fileRef = F024418E1F2B0868001BBDB4 /* About.txt */; };
		F02441B51F2B0869001BBDB4 /* DDAbstractDatabaseLogger.m in Sources */ = {isa = PBXBuildFile; fileRef = F02441901F2B0868001BBDB4 /* DDAbstractDatabaseLogger.m */; };
		F02441B61F2B0869001BBDB4 /* DDASLLogger.m in Sources */ = {isa = PBXBuildFile; fileRef = F02441921F2B0868001BBDB4 /* DDASLLogger.m */; };
		F02441B71F2B0869001BBDB4 /* DDFileLogger.m in Sources */ = {isa = PBXBuildFile; fileRef = F02441941F2B0868001BBDB4 /* DDFileLogger.m */; };
		F02441B81F2B0869001BBDB4 /* DDLog.m in Sources */ = {isa = PBXBuildFile; fileRef = F02441961F2B0868001BBDB4 /* DDLog.m */; };
		F02441B91F2B0869001BBDB4 /* DDTTYLogger.m in Sources */ = {isa = PBXBuildFile; fileRef = F02441981F2B0868001BBDB4 /* DDTTYLogger.m */; };
		F02441BA1F2B0869001BBDB4 /* ContextFilterLogFormatter.m in Sources */ = {isa = PBXBuildFile; fileRef = F024419B1F2B0868001BBDB4 /* ContextFilterLogFormatter.m */; };
		F02441BB1F2B0869001BBDB4 /* DispatchQueueLogFormatter.m in Sources */ = {isa = PBXBuildFile; fileRef = F024419D1F2B0868001BBDB4 /* DispatchQueueLogFormatter.m */; };
		F02441BC1F2B0869001BBDB4 /* README.txt in Resources */ = {isa = PBXBuildFile; fileRef = F024419E1F2B0868001BBDB4 /* README.txt */; };
		F02441BD1F2B0869001BBDB4 /* index.html in Resources */ = {isa = PBXBuildFile; fileRef = F02441A01F2B0869001BBDB4 /* index.html */; };
/* End PBXBuildFile section */

/* Begin PBXFileReference section */
		F02440D51F2AE881001BBDB4 /* ESCSpeedyDesktopManager.app */ = {isa = PBXFileReference; explicitFileType = wrapper.application; includeInIndex = 0; path = ESCSpeedyDesktopManager.app; sourceTree = BUILT_PRODUCTS_DIR; };
		F02440D91F2AE882001BBDB4 /* main.m */ = {isa = PBXFileReference; lastKnownFileType = sourcecode.c.objc; path = main.m; sourceTree = "<group>"; };
		F02440DB1F2AE882001BBDB4 /* AppDelegate.h */ = {isa = PBXFileReference; lastKnownFileType = sourcecode.c.h; path = AppDelegate.h; sourceTree = "<group>"; };
		F02440DC1F2AE882001BBDB4 /* AppDelegate.m */ = {isa = PBXFileReference; lastKnownFileType = sourcecode.c.objc; path = AppDelegate.m; sourceTree = "<group>"; };
		F02440DE1F2AE882001BBDB4 /* ViewController.h */ = {isa = PBXFileReference; lastKnownFileType = sourcecode.c.h; path = ViewController.h; sourceTree = "<group>"; };
		F02440DF1F2AE882001BBDB4 /* ViewController.m */ = {isa = PBXFileReference; lastKnownFileType = sourcecode.c.objc; path = ViewController.m; sourceTree = "<group>"; };
		F02440E21F2AE882001BBDB4 /* Base */ = {isa = PBXFileReference; lastKnownFileType = file.storyboard; name = Base; path = Base.lproj/Main.storyboard; sourceTree = "<group>"; };
		F02440E41F2AE882001BBDB4 /* Assets.xcassets */ = {isa = PBXFileReference; lastKnownFileType = folder.assetcatalog; path = Assets.xcassets; sourceTree = "<group>"; };
		F02440E71F2AE882001BBDB4 /* Base */ = {isa = PBXFileReference; lastKnownFileType = file.storyboard; name = Base; path = Base.lproj/LaunchScreen.storyboard; sourceTree = "<group>"; };
		F02440E91F2AE882001BBDB4 /* Info.plist */ = {isa = PBXFileReference; lastKnownFileType = text.plist.xml; path = Info.plist; sourceTree = "<group>"; };
		F024415A1F2AE9AF001BBDB4 /* Base64.h */ = {isa = PBXFileReference; fileEncoding = 4; lastKnownFileType = sourcecode.c.h; path = Base64.h; sourceTree = "<group>"; };
		F024415B1F2AE9AF001BBDB4 /* Base64.m */ = {isa = PBXFileReference; fileEncoding = 4; lastKnownFileType = sourcecode.c.objc; path = Base64.m; sourceTree = "<group>"; };
		F024415D1F2AE9DE001BBDB4 /* ESCSpeedyDesktopManager.h */ = {isa = PBXFileReference; fileEncoding = 4; lastKnownFileType = sourcecode.c.h; path = ESCSpeedyDesktopManager.h; sourceTree = "<group>"; };
		F024415E1F2AE9DE001BBDB4 /* ESCSpeedyDesktopManager.m */ = {isa = PBXFileReference; fileEncoding = 4; lastKnownFileType = sourcecode.c.objc; path = ESCSpeedyDesktopManager.m; sourceTree = "<group>"; };
		F02441621F2B0868001BBDB4 /* DDData.h */ = {isa = PBXFileReference; fileEncoding = 4; lastKnownFileType = sourcecode.c.h; path = DDData.h; sourceTree = "<group>"; };
		F02441631F2B0868001BBDB4 /* DDData.m */ = {isa = PBXFileReference; fileEncoding = 4; lastKnownFileType = sourcecode.c.objc; path = DDData.m; sourceTree = "<group>"; };
		F02441641F2B0868001BBDB4 /* DDNumber.h */ = {isa = PBXFileReference; fileEncoding = 4; lastKnownFileType = sourcecode.c.h; path = DDNumber.h; sourceTree = "<group>"; };
		F02441651F2B0868001BBDB4 /* DDNumber.m */ = {isa = PBXFileReference; fileEncoding = 4; lastKnownFileType = sourcecode.c.objc; path = DDNumber.m; sourceTree = "<group>"; };
		F02441661F2B0868001BBDB4 /* DDRange.h */ = {isa = PBXFileReference; fileEncoding = 4; lastKnownFileType = sourcecode.c.h; path = DDRange.h; sourceTree = "<group>"; };
		F02441671F2B0868001BBDB4 /* DDRange.m */ = {isa = PBXFileReference; fileEncoding = 4; lastKnownFileType = sourcecode.c.objc; path = DDRange.m; sourceTree = "<group>"; };
		F02441681F2B0868001BBDB4 /* HTTPAuthenticationRequest.h */ = {isa = PBXFileReference; fileEncoding = 4; lastKnownFileType = sourcecode.c.h; path = HTTPAuthenticationRequest.h; sourceTree = "<group>"; };
		F02441691F2B0868001BBDB4 /* HTTPAuthenticationRequest.m */ = {isa = PBXFileReference; fileEncoding = 4; lastKnownFileType = sourcecode.c.objc; path = HTTPAuthenticationRequest.m; sourceTree = "<group>"; };
		F024416A1F2B0868001BBDB4 /* HTTPConnection.h */ = {isa = PBXFileReference; fileEncoding = 4; lastKnownFileType = sourcecode.c.h; path = HTTPConnection.h; sourceTree = "<group>"; };
		F024416B1F2B0868001BBDB4 /* HTTPConnection.m */ = {isa = PBXFileReference; fileEncoding = 4; lastKnownFileType = sourcecode.c.objc; path = HTTPConnection.m; sourceTree = "<group>"; };
		F024416C1F2B0868001BBDB4 /* HTTPLogging.h */ = {isa = PBXFileReference; fileEncoding = 4; lastKnownFileType = sourcecode.c.h; path = HTTPLogging.h; sourceTree = "<group>"; };
		F024416D1F2B0868001BBDB4 /* HTTPMessage.h */ = {isa = PBXFileReference; fileEncoding = 4; lastKnownFileType = sourcecode.c.h; path = HTTPMessage.h; sourceTree = "<group>"; };
		F024416E1F2B0868001BBDB4 /* HTTPMessage.m */ = {isa = PBXFileReference; fileEncoding = 4; lastKnownFileType = sourcecode.c.objc; path = HTTPMessage.m; sourceTree = "<group>"; };
		F024416F1F2B0868001BBDB4 /* HTTPResponse.h */ = {isa = PBXFileReference; fileEncoding = 4; lastKnownFileType = sourcecode.c.h; path = HTTPResponse.h; sourceTree = "<group>"; };
		F02441701F2B0868001BBDB4 /* HTTPServer.h */ = {isa = PBXFileReference; fileEncoding = 4; lastKnownFileType = sourcecode.c.h; path = HTTPServer.h; sourceTree = "<group>"; };
		F02441711F2B0868001BBDB4 /* HTTPServer.m */ = {isa = PBXFileReference; fileEncoding = 4; lastKnownFileType = sourcecode.c.objc; path = HTTPServer.m; sourceTree = "<group>"; };
		F02441731F2B0868001BBDB4 /* MultipartFormDataParser.h */ = {isa = PBXFileReference; fileEncoding = 4; lastKnownFileType = sourcecode.c.h; path = MultipartFormDataParser.h; sourceTree = "<group>"; };
		F02441741F2B0868001BBDB4 /* MultipartFormDataParser.m */ = {isa = PBXFileReference; fileEncoding = 4; lastKnownFileType = sourcecode.c.objc; path = MultipartFormDataParser.m; sourceTree = "<group>"; };
		F02441751F2B0868001BBDB4 /* MultipartMessageHeader.h */ = {isa = PBXFileReference; fileEncoding = 4; lastKnownFileType = sourcecode.c.h; path = MultipartMessageHeader.h; sourceTree = "<group>"; };
		F02441761F2B0868001BBDB4 /* MultipartMessageHeader.m */ = {isa = PBXFileReference; fileEncoding = 4; lastKnownFileType = sourcecode.c.objc; path = MultipartMessageHeader.m; sourceTree = "<group>"; };
		F02441771F2B0868001BBDB4 /* MultipartMessageHeaderField.h */ = {isa = PBXFileReference; fileEncoding = 4; lastKnownFileType = sourcecode.c.h; path = MultipartMessageHeaderField.h; sourceTree = "<group>"; };
		F02441781F2B0868001BBDB4 /* MultipartMessageHeaderField.m */ = {isa = PBXFileReference; fileEncoding = 4; lastKnownFileType = sourcecode.c.objc; path = MultipartMessageHeaderField.m; sourceTree = "<group>"; };
		F024417A1F2B0868001BBDB4 /* HTTPAsyncFileResponse.h */ = {isa = PBXFileReference; fileEncoding = 4; lastKnownFileType = sourcecode.c.h; path = HTTPAsyncFileResponse.h; sourceTree = "<group>"; };
		F024417B1F2B0868001BBDB4 /* HTTPAsyncFileResponse.m */ = {isa = PBXFileReference; fileEncoding = 4; lastKnownFileType = sourcecode.c.objc; path = HTTPAsyncFileResponse.m; sourceTree = "<group>"; };
		F024417C1F2B0868001BBDB4 /* HTTPDataResponse.h */ = {isa = PBXFileReference; fileEncoding = 4; lastKnownFileType = sourcecode.c.h; path = HTTPDataResponse.h; sourceTree = "<group>"; };
		F024417D1F2B0868001BBDB4 /* HTTPDataResponse.m */ = {isa = PBXFileReference; fileEncoding = 4; lastKnownFileType = sourcecode.c.objc; path = HTTPDataResponse.m; sourceTree = "<group>"; };
		F024417E1F2B0868001BBDB4 /* HTTPDynamicFileResponse.h */ = {isa = PBXFileReference; fileEncoding = 4; lastKnownFileType = sourcecode.c.h; path = HTTPDynamicFileResponse.h; sourceTree = "<group>"; };
		F024417F1F2B0868001BBDB4 /* HTTPDynamicFileResponse.m */ = {isa = PBXFileReference; fileEncoding = 4; lastKnownFileType = sourcecode.c.objc; path = HTTPDynamicFileResponse.m; sourceTree = "<group>"; };
		F02441801F2B0868001BBDB4 /* HTTPErrorResponse.h */ = {isa = PBXFileReference; fileEncoding = 4; lastKnownFileType = sourcecode.c.h; path = HTTPErrorResponse.h; sourceTree = "<group>"; };
		F02441811F2B0868001BBDB4 /* HTTPErrorResponse.m */ = {isa = PBXFileReference; fileEncoding = 4; lastKnownFileType = sourcecode.c.objc; path = HTTPErrorResponse.m; sourceTree = "<group>"; };
		F02441821F2B0868001BBDB4 /* HTTPFileResponse.h */ = {isa = PBXFileReference; fileEncoding = 4; lastKnownFileType = sourcecode.c.h; path = HTTPFileResponse.h; sourceTree = "<group>"; };
		F02441831F2B0868001BBDB4 /* HTTPFileResponse.m */ = {isa = PBXFileReference; fileEncoding = 4; lastKnownFileType = sourcecode.c.objc; path = HTTPFileResponse.m; sourceTree = "<group>"; };
		F02441841F2B0868001BBDB4 /* HTTPRedirectResponse.h */ = {isa = PBXFileReference; fileEncoding = 4; lastKnownFileType = sourcecode.c.h; path = HTTPRedirectResponse.h; sourceTree = "<group>"; };
		F02441851F2B0868001BBDB4 /* HTTPRedirectResponse.m */ = {isa = PBXFileReference; fileEncoding = 4; lastKnownFileType = sourcecode.c.objc; path = HTTPRedirectResponse.m; sourceTree = "<group>"; };
		F02441861F2B0868001BBDB4 /* WebSocket.h */ = {isa = PBXFileReference; fileEncoding = 4; lastKnownFileType = sourcecode.c.h; path = WebSocket.h; sourceTree = "<group>"; };
		F02441871F2B0868001BBDB4 /* WebSocket.m */ = {isa = PBXFileReference; fileEncoding = 4; lastKnownFileType = sourcecode.c.objc; path = WebSocket.m; sourceTree = "<group>"; };
		F024418A1F2B0868001BBDB4 /* About.txt */ = {isa = PBXFileReference; fileEncoding = 4; lastKnownFileType = text; path = About.txt; sourceTree = "<group>"; };
		F024418B1F2B0868001BBDB4 /* GCDAsyncSocket.h */ = {isa = PBXFileReference; fileEncoding = 4; lastKnownFileType = sourcecode.c.h; path = GCDAsyncSocket.h; sourceTree = "<group>"; };
		F024418C1F2B0868001BBDB4 /* GCDAsyncSocket.m */ = {isa = PBXFileReference; fileEncoding = 4; lastKnownFileType = sourcecode.c.objc; path = GCDAsyncSocket.m; sourceTree = "<group>"; };
		F024418E1F2B0868001BBDB4 /* About.txt */ = {isa = PBXFileReference; fileEncoding = 4; lastKnownFileType = text; path = About.txt; sourceTree = "<group>"; };
		F024418F1F2B0868001BBDB4 /* DDAbstractDatabaseLogger.h */ = {isa = PBXFileReference; fileEncoding = 4; lastKnownFileType = sourcecode.c.h; path = DDAbstractDatabaseLogger.h; sourceTree = "<group>"; };
		F02441901F2B0868001BBDB4 /* DDAbstractDatabaseLogger.m */ = {isa = PBXFileReference; fileEncoding = 4; lastKnownFileType = sourcecode.c.objc; path = DDAbstractDatabaseLogger.m; sourceTree = "<group>"; };
		F02441911F2B0868001BBDB4 /* DDASLLogger.h */ = {isa = PBXFileReference; fileEncoding = 4; lastKnownFileType = sourcecode.c.h; path = DDASLLogger.h; sourceTree = "<group>"; };
		F02441921F2B0868001BBDB4 /* DDASLLogger.m */ = {isa = PBXFileReference; fileEncoding = 4; lastKnownFileType = sourcecode.c.objc; path = DDASLLogger.m; sourceTree = "<group>"; };
		F02441931F2B0868001BBDB4 /* DDFileLogger.h */ = {isa = PBXFileReference; fileEncoding = 4; lastKnownFileType = sourcecode.c.h; path = DDFileLogger.h; sourceTree = "<group>"; };
		F02441941F2B0868001BBDB4 /* DDFileLogger.m */ = {isa = PBXFileReference; fileEncoding = 4; lastKnownFileType = sourcecode.c.objc; path = DDFileLogger.m; sourceTree = "<group>"; };
		F02441951F2B0868001BBDB4 /* DDLog.h */ = {isa = PBXFileReference; fileEncoding = 4; lastKnownFileType = sourcecode.c.h; path = DDLog.h; sourceTree = "<group>"; };
		F02441961F2B0868001BBDB4 /* DDLog.m */ = {isa = PBXFileReference; fileEncoding = 4; lastKnownFileType = sourcecode.c.objc; path = DDLog.m; sourceTree = "<group>"; };
		F02441971F2B0868001BBDB4 /* DDTTYLogger.h */ = {isa = PBXFileReference; fileEncoding = 4; lastKnownFileType = sourcecode.c.h; path = DDTTYLogger.h; sourceTree = "<group>"; };
		F02441981F2B0868001BBDB4 /* DDTTYLogger.m */ = {isa = PBXFileReference; fileEncoding = 4; lastKnownFileType = sourcecode.c.objc; path = DDTTYLogger.m; sourceTree = "<group>"; };
		F024419A1F2B0868001BBDB4 /* ContextFilterLogFormatter.h */ = {isa = PBXFileReference; fileEncoding = 4; lastKnownFileType = sourcecode.c.h; path = ContextFilterLogFormatter.h; sourceTree = "<group>"; };
		F024419B1F2B0868001BBDB4 /* ContextFilterLogFormatter.m */ = {isa = PBXFileReference; fileEncoding = 4; lastKnownFileType = sourcecode.c.objc; path = ContextFilterLogFormatter.m; sourceTree = "<group>"; };
		F024419C1F2B0868001BBDB4 /* DispatchQueueLogFormatter.h */ = {isa = PBXFileReference; fileEncoding = 4; lastKnownFileType = sourcecode.c.h; path = DispatchQueueLogFormatter.h; sourceTree = "<group>"; };
		F024419D1F2B0868001BBDB4 /* DispatchQueueLogFormatter.m */ = {isa = PBXFileReference; fileEncoding = 4; lastKnownFileType = sourcecode.c.objc; path = DispatchQueueLogFormatter.m; sourceTree = "<group>"; };
		F024419E1F2B0868001BBDB4 /* README.txt */ = {isa = PBXFileReference; fileEncoding = 4; lastKnownFileType = text; path = README.txt; sourceTree = "<group>"; };
		F02441A01F2B0869001BBDB4 /* index.html */ = {isa = PBXFileReference; fileEncoding = 4; lastKnownFileType = text.html; path = index.html; sourceTree = "<group>"; };
/* End PBXFileReference section */

/* Begin PBXFrameworksBuildPhase section */
		F02440D21F2AE881001BBDB4 /* Frameworks */ = {
			isa = PBXFrameworksBuildPhase;
			buildActionMask = 2147483647;
			files = (
			);
			runOnlyForDeploymentPostprocessing = 0;
		};
/* End PBXFrameworksBuildPhase section */

/* Begin PBXGroup section */
		F02440CC1F2AE881001BBDB4 = {
			isa = PBXGroup;
			children = (
				F02440D71F2AE881001BBDB4 /* ESCSpeedyDesktopManager */,
				F02440D61F2AE881001BBDB4 /* Products */,
			);
			sourceTree = "<group>";
		};
		F02440D61F2AE881001BBDB4 /* Products */ = {
			isa = PBXGroup;
			children = (
				F02440D51F2AE881001BBDB4 /* ESCSpeedyDesktopManager.app */,
			);
			name = Products;
			sourceTree = "<group>";
		};
		F02440D71F2AE881001BBDB4 /* ESCSpeedyDesktopManager */ = {
			isa = PBXGroup;
			children = (
				F02440F01F2AE8D2001BBDB4 /* Vender */,
				F02440EF1F2AE8BE001BBDB4 /* ESCSpeedyDesktopManager */,
				F02440DB1F2AE882001BBDB4 /* AppDelegate.h */,
				F02440DC1F2AE882001BBDB4 /* AppDelegate.m */,
				F02440DE1F2AE882001BBDB4 /* ViewController.h */,
				F02440DF1F2AE882001BBDB4 /* ViewController.m */,
				F02440E11F2AE882001BBDB4 /* Main.storyboard */,
				F02440E41F2AE882001BBDB4 /* Assets.xcassets */,
				F02440E61F2AE882001BBDB4 /* LaunchScreen.storyboard */,
				F02440E91F2AE882001BBDB4 /* Info.plist */,
				F02440D81F2AE882001BBDB4 /* Supporting Files */,
			);
			path = ESCSpeedyDesktopManager;
			sourceTree = "<group>";
		};
		F02440D81F2AE882001BBDB4 /* Supporting Files */ = {
			isa = PBXGroup;
			children = (
				F02440D91F2AE882001BBDB4 /* main.m */,
			);
			name = "Supporting Files";
			sourceTree = "<group>";
		};
		F02440EF1F2AE8BE001BBDB4 /* ESCSpeedyDesktopManager */ = {
			isa = PBXGroup;
			children = (
				F024415D1F2AE9DE001BBDB4 /* ESCSpeedyDesktopManager.h */,
				F024415E1F2AE9DE001BBDB4 /* ESCSpeedyDesktopManager.m */,
			);
			path = ESCSpeedyDesktopManager;
			sourceTree = "<group>";
		};
		F02440F01F2AE8D2001BBDB4 /* Vender */ = {
			isa = PBXGroup;
			children = (
				F02441601F2B0868001BBDB4 /* Core */,
				F02441881F2B0868001BBDB4 /* Vendor */,
				F024415A1F2AE9AF001BBDB4 /* Base64.h */,
				F024415B1F2AE9AF001BBDB4 /* Base64.m */,
			);
			path = Vender;
			sourceTree = "<group>";
		};
		F02441601F2B0868001BBDB4 /* Core */ = {
			isa = PBXGroup;
			children = (
				F02441611F2B0868001BBDB4 /* Categories */,
				F02441681F2B0868001BBDB4 /* HTTPAuthenticationRequest.h */,
				F02441691F2B0868001BBDB4 /* HTTPAuthenticationRequest.m */,
				F024416A1F2B0868001BBDB4 /* HTTPConnection.h */,
				F024416B1F2B0868001BBDB4 /* HTTPConnection.m */,
				F024416C1F2B0868001BBDB4 /* HTTPLogging.h */,
				F024416D1F2B0868001BBDB4 /* HTTPMessage.h */,
				F024416E1F2B0868001BBDB4 /* HTTPMessage.m */,
				F024416F1F2B0868001BBDB4 /* HTTPResponse.h */,
				F02441701F2B0868001BBDB4 /* HTTPServer.h */,
				F02441711F2B0868001BBDB4 /* HTTPServer.m */,
				F02441721F2B0868001BBDB4 /* Mime */,
				F02441791F2B0868001BBDB4 /* Responses */,
				F02441861F2B0868001BBDB4 /* WebSocket.h */,
				F02441871F2B0868001BBDB4 /* WebSocket.m */,
			);
			path = Core;
			sourceTree = "<group>";
		};
		F02441611F2B0868001BBDB4 /* Categories */ = {
			isa = PBXGroup;
			children = (
				F02441621F2B0868001BBDB4 /* DDData.h */,
				F02441631F2B0868001BBDB4 /* DDData.m */,
				F02441641F2B0868001BBDB4 /* DDNumber.h */,
				F02441651F2B0868001BBDB4 /* DDNumber.m */,
				F02441661F2B0868001BBDB4 /* DDRange.h */,
				F02441671F2B0868001BBDB4 /* DDRange.m */,
			);
			path = Categories;
			sourceTree = "<group>";
		};
		F02441721F2B0868001BBDB4 /* Mime */ = {
			isa = PBXGroup;
			children = (
				F02441731F2B0868001BBDB4 /* MultipartFormDataParser.h */,
				F02441741F2B0868001BBDB4 /* MultipartFormDataParser.m */,
				F02441751F2B0868001BBDB4 /* MultipartMessageHeader.h */,
				F02441761F2B0868001BBDB4 /* MultipartMessageHeader.m */,
				F02441771F2B0868001BBDB4 /* MultipartMessageHeaderField.h */,
				F02441781F2B0868001BBDB4 /* MultipartMessageHeaderField.m */,
			);
			path = Mime;
			sourceTree = "<group>";
		};
		F02441791F2B0868001BBDB4 /* Responses */ = {
			isa = PBXGroup;
			children = (
				F024417A1F2B0868001BBDB4 /* HTTPAsyncFileResponse.h */,
				F024417B1F2B0868001BBDB4 /* HTTPAsyncFileResponse.m */,
				F024417C1F2B0868001BBDB4 /* HTTPDataResponse.h */,
				F024417D1F2B0868001BBDB4 /* HTTPDataResponse.m */,
				F024417E1F2B0868001BBDB4 /* HTTPDynamicFileResponse.h */,
				F024417F1F2B0868001BBDB4 /* HTTPDynamicFileResponse.m */,
				F02441801F2B0868001BBDB4 /* HTTPErrorResponse.h */,
				F02441811F2B0868001BBDB4 /* HTTPErrorResponse.m */,
				F02441821F2B0868001BBDB4 /* HTTPFileResponse.h */,
				F02441831F2B0868001BBDB4 /* HTTPFileResponse.m */,
				F02441841F2B0868001BBDB4 /* HTTPRedirectResponse.h */,
				F02441851F2B0868001BBDB4 /* HTTPRedirectResponse.m */,
			);
			path = Responses;
			sourceTree = "<group>";
		};
		F02441881F2B0868001BBDB4 /* Vendor */ = {
			isa = PBXGroup;
			children = (
				F02441891F2B0868001BBDB4 /* CocoaAsyncSocket */,
				F024418D1F2B0868001BBDB4 /* CocoaLumberjack */,
				F024419F1F2B0868001BBDB4 /* Web */,
			);
			path = Vendor;
			sourceTree = "<group>";
		};
		F02441891F2B0868001BBDB4 /* CocoaAsyncSocket */ = {
			isa = PBXGroup;
			children = (
				F024418A1F2B0868001BBDB4 /* About.txt */,
				F024418B1F2B0868001BBDB4 /* GCDAsyncSocket.h */,
				F024418C1F2B0868001BBDB4 /* GCDAsyncSocket.m */,
			);
			path = CocoaAsyncSocket;
			sourceTree = "<group>";
		};
		F024418D1F2B0868001BBDB4 /* CocoaLumberjack */ = {
			isa = PBXGroup;
			children = (
				F024418E1F2B0868001BBDB4 /* About.txt */,
				F024418F1F2B0868001BBDB4 /* DDAbstractDatabaseLogger.h */,
				F02441901F2B0868001BBDB4 /* DDAbstractDatabaseLogger.m */,
				F02441911F2B0868001BBDB4 /* DDASLLogger.h */,
				F02441921F2B0868001BBDB4 /* DDASLLogger.m */,
				F02441931F2B0868001BBDB4 /* DDFileLogger.h */,
				F02441941F2B0868001BBDB4 /* DDFileLogger.m */,
				F02441951F2B0868001BBDB4 /* DDLog.h */,
				F02441961F2B0868001BBDB4 /* DDLog.m */,
				F02441971F2B0868001BBDB4 /* DDTTYLogger.h */,
				F02441981F2B0868001BBDB4 /* DDTTYLogger.m */,
				F02441991F2B0868001BBDB4 /* Extensions */,
			);
			path = CocoaLumberjack;
			sourceTree = "<group>";
		};
		F02441991F2B0868001BBDB4 /* Extensions */ = {
			isa = PBXGroup;
			children = (
				F024419A1F2B0868001BBDB4 /* ContextFilterLogFormatter.h */,
				F024419B1F2B0868001BBDB4 /* ContextFilterLogFormatter.m */,
				F024419C1F2B0868001BBDB4 /* DispatchQueueLogFormatter.h */,
				F024419D1F2B0868001BBDB4 /* DispatchQueueLogFormatter.m */,
				F024419E1F2B0868001BBDB4 /* README.txt */,
			);
			path = Extensions;
			sourceTree = "<group>";
		};
		F024419F1F2B0868001BBDB4 /* Web */ = {
			isa = PBXGroup;
			children = (
				F02441A01F2B0869001BBDB4 /* index.html */,
			);
			path = Web;
			sourceTree = "<group>";
		};
/* End PBXGroup section */

/* Begin PBXNativeTarget section */
		F02440D41F2AE881001BBDB4 /* ESCSpeedyDesktopManager */ = {
			isa = PBXNativeTarget;
			buildConfigurationList = F02440EC1F2AE882001BBDB4 /* Build configuration list for PBXNativeTarget "ESCSpeedyDesktopManager" */;
			buildPhases = (
				F02440D11F2AE881001BBDB4 /* Sources */,
				F02440D21F2AE881001BBDB4 /* Frameworks */,
				F02440D31F2AE881001BBDB4 /* Resources */,
			);
			buildRules = (
			);
			dependencies = (
			);
			name = ESCSpeedyDesktopManager;
			productName = ESCSpeedyDesktopManager;
			productReference = F02440D51F2AE881001BBDB4 /* ESCSpeedyDesktopManager.app */;
			productType = "com.apple.product-type.application";
		};
/* End PBXNativeTarget section */

/* Begin PBXProject section */
		F02440CD1F2AE881001BBDB4 /* Project object */ = {
			isa = PBXProject;
			attributes = {
				LastUpgradeCheck = 0830;
				ORGANIZATIONNAME = xiang;
				TargetAttributes = {
					F02440D41F2AE881001BBDB4 = {
						CreatedOnToolsVersion = 8.3.3;
						DevelopmentTeam = S5BVK59226;
						ProvisioningStyle = Automatic;
					};
				};
			};
			buildConfigurationList = F02440D01F2AE881001BBDB4 /* Build configuration list for PBXProject "ESCSpeedyDesktopManager" */;
			compatibilityVersion = "Xcode 3.2";
			developmentRegion = English;
			hasScannedForEncodings = 0;
			knownRegions = (
				en,
				Base,
			);
			mainGroup = F02440CC1F2AE881001BBDB4;
			productRefGroup = F02440D61F2AE881001BBDB4 /* Products */;
			projectDirPath = "";
			projectRoot = "";
			targets = (
				F02440D41F2AE881001BBDB4 /* ESCSpeedyDesktopManager */,
			);
		};
/* End PBXProject section */

/* Begin PBXResourcesBuildPhase section */
		F02440D31F2AE881001BBDB4 /* Resources */ = {
			isa = PBXResourcesBuildPhase;
			buildActionMask = 2147483647;
			files = (
				F02441BD1F2B0869001BBDB4 /* index.html in Resources */,
				F02440E81F2AE882001BBDB4 /* LaunchScreen.storyboard in Resources */,
				F02440E51F2AE882001BBDB4 /* Assets.xcassets in Resources */,
				F02441B21F2B0869001BBDB4 /* About.txt in Resources */,
				F02440E31F2AE882001BBDB4 /* Main.storyboard in Resources */,
				F02441BC1F2B0869001BBDB4 /* README.txt in Resources */,
				F02441B41F2B0869001BBDB4 /* About.txt in Resources */,
			);
			runOnlyForDeploymentPostprocessing = 0;
		};
/* End PBXResourcesBuildPhase section */

/* Begin PBXSourcesBuildPhase section */
		F02440D11F2AE881001BBDB4 /* Sources */ = {
			isa = PBXSourcesBuildPhase;
			buildActionMask = 2147483647;
			files = (
				F02440E01F2AE882001BBDB4 /* ViewController.m in Sources */,
				F02441B71F2B0869001BBDB4 /* DDFileLogger.m in Sources */,
				F02441A31F2B0869001BBDB4 /* DDRange.m in Sources */,
				F024415C1F2AE9AF001BBDB4 /* Base64.m in Sources */,
				F02441A41F2B0869001BBDB4 /* HTTPAuthenticationRequest.m in Sources */,
				F02441B91F2B0869001BBDB4 /* DDTTYLogger.m in Sources */,
				F02441B61F2B0869001BBDB4 /* DDASLLogger.m in Sources */,
				F02441B81F2B0869001BBDB4 /* DDLog.m in Sources */,
				F02440DD1F2AE882001BBDB4 /* AppDelegate.m in Sources */,
				F02441B01F2B0869001BBDB4 /* HTTPRedirectResponse.m in Sources */,
				F02441A21F2B0869001BBDB4 /* DDNumber.m in Sources */,
				F02441A71F2B0869001BBDB4 /* HTTPServer.m in Sources */,
				F02441A11F2B0869001BBDB4 /* DDData.m in Sources */,
				F02441BA1F2B0869001BBDB4 /* ContextFilterLogFormatter.m in Sources */,
				F02441AF1F2B0869001BBDB4 /* HTTPFileResponse.m in Sources */,
				F02441AD1F2B0869001BBDB4 /* HTTPDynamicFileResponse.m in Sources */,
				F024415F1F2AE9DE001BBDB4 /* ESCSpeedyDesktopManager.m in Sources */,
				F02440DA1F2AE882001BBDB4 /* main.m in Sources */,
				F02441B31F2B0869001BBDB4 /* GCDAsyncSocket.m in Sources */,
				F02441B51F2B0869001BBDB4 /* DDAbstractDatabaseLogger.m in Sources */,
				F02441A61F2B0869001BBDB4 /* HTTPMessage.m in Sources */,
				F02441A51F2B0869001BBDB4 /* HTTPConnection.m in Sources */,
				F02441AE1F2B0869001BBDB4 /* HTTPErrorResponse.m in Sources */,
				F02441A81F2B0869001BBDB4 /* MultipartFormDataParser.m in Sources */,
				F02441B11F2B0869001BBDB4 /* WebSocket.m in Sources */,
				F02441BB1F2B0869001BBDB4 /* DispatchQueueLogFormatter.m in Sources */,
				F02441AA1F2B0869001BBDB4 /* MultipartMessageHeaderField.m in Sources */,
				F02441AC1F2B0869001BBDB4 /* HTTPDataResponse.m in Sources */,
				F02441A91F2B0869001BBDB4 /* MultipartMessageHeader.m in Sources */,
				F02441AB1F2B0869001BBDB4 /* HTTPAsyncFileResponse.m in Sources */,
			);
			runOnlyForDeploymentPostprocessing = 0;
		};
/* End PBXSourcesBuildPhase section */

/* Begin PBXVariantGroup section */
		F02440E11F2AE882001BBDB4 /* Main.storyboard */ = {
			isa = PBXVariantGroup;
			children = (
				F02440E21F2AE882001BBDB4 /* Base */,
			);
			name = Main.storyboard;
			sourceTree = "<group>";
		};
		F02440E61F2AE882001BBDB4 /* LaunchScreen.storyboard */ = {
			isa = PBXVariantGroup;
			children = (
				F02440E71F2AE882001BBDB4 /* Base */,
			);
			name = LaunchScreen.storyboard;
			sourceTree = "<group>";
		};
/* End PBXVariantGroup section */

/* Begin XCBuildConfiguration section */
		F02440EA1F2AE882001BBDB4 /* Debug */ = {
			isa = XCBuildConfiguration;
			buildSettings = {
				ALWAYS_SEARCH_USER_PATHS = NO;
				CLANG_ANALYZER_NONNULL = YES;
				CLANG_ANALYZER_NUMBER_OBJECT_CONVERSION = YES_AGGRESSIVE;
				CLANG_CXX_LANGUAGE_STANDARD = "gnu++0x";
				CLANG_CXX_LIBRARY = "libc++";
				CLANG_ENABLE_MODULES = YES;
				CLANG_ENABLE_OBJC_ARC = YES;
				CLANG_WARN_BOOL_CONVERSION = YES;
				CLANG_WARN_CONSTANT_CONVERSION = YES;
				CLANG_WARN_DIRECT_OBJC_ISA_USAGE = YES_ERROR;
				CLANG_WARN_DOCUMENTATION_COMMENTS = YES;
				CLANG_WARN_EMPTY_BODY = YES;
				CLANG_WARN_ENUM_CONVERSION = YES;
				CLANG_WARN_INFINITE_RECURSION = YES;
				CLANG_WARN_INT_CONVERSION = YES;
				CLANG_WARN_OBJC_ROOT_CLASS = YES_ERROR;
				CLANG_WARN_SUSPICIOUS_MOVE = YES;
				CLANG_WARN_UNREACHABLE_CODE = YES;
				CLANG_WARN__DUPLICATE_METHOD_MATCH = YES;
				"CODE_SIGN_IDENTITY[sdk=iphoneos*]" = "iPhone Developer";
				COPY_PHASE_STRIP = NO;
				DEBUG_INFORMATION_FORMAT = dwarf;
				ENABLE_STRICT_OBJC_MSGSEND = YES;
				ENABLE_TESTABILITY = YES;
				GCC_C_LANGUAGE_STANDARD = gnu99;
				GCC_DYNAMIC_NO_PIC = NO;
				GCC_NO_COMMON_BLOCKS = YES;
				GCC_OPTIMIZATION_LEVEL = 0;
				GCC_PREPROCESSOR_DEFINITIONS = (
					"DEBUG=1",
					"$(inherited)",
				);
				GCC_WARN_64_TO_32_BIT_CONVERSION = YES;
				GCC_WARN_ABOUT_RETURN_TYPE = YES_ERROR;
				GCC_WARN_UNDECLARED_SELECTOR = YES;
				GCC_WARN_UNINITIALIZED_AUTOS = YES_AGGRESSIVE;
				GCC_WARN_UNUSED_FUNCTION = YES;
				GCC_WARN_UNUSED_VARIABLE = YES;
				IPHONEOS_DEPLOYMENT_TARGET = 10.3;
				MTL_ENABLE_DEBUG_INFO = YES;
				ONLY_ACTIVE_ARCH = YES;
				SDKROOT = iphoneos;
			};
			name = Debug;
		};
		F02440EB1F2AE882001BBDB4 /* Release */ = {
			isa = XCBuildConfiguration;
			buildSettings = {
				ALWAYS_SEARCH_USER_PATHS = NO;
				CLANG_ANALYZER_NONNULL = YES;
				CLANG_ANALYZER_NUMBER_OBJECT_CONVERSION = YES_AGGRESSIVE;
				CLANG_CXX_LANGUAGE_STANDARD = "gnu++0x";
				CLANG_CXX_LIBRARY = "libc++";
				CLANG_ENABLE_MODULES = YES;
				CLANG_ENABLE_OBJC_ARC = YES;
				CLANG_WARN_BOOL_CONVERSION = YES;
				CLANG_WARN_CONSTANT_CONVERSION = YES;
				CLANG_WARN_DIRECT_OBJC_ISA_USAGE = YES_ERROR;
				CLANG_WARN_DOCUMENTATION_COMMENTS = YES;
				CLANG_WARN_EMPTY_BODY = YES;
				CLANG_WARN_ENUM_CONVERSION = YES;
				CLANG_WARN_INFINITE_RECURSION = YES;
				CLANG_WARN_INT_CONVERSION = YES;
				CLANG_WARN_OBJC_ROOT_CLASS = YES_ERROR;
				CLANG_WARN_SUSPICIOUS_MOVE = YES;
				CLANG_WARN_UNREACHABLE_CODE = YES;
				CLANG_WARN__DUPLICATE_METHOD_MATCH = YES;
				"CODE_SIGN_IDENTITY[sdk=iphoneos*]" = "iPhone Developer";
				COPY_PHASE_STRIP = NO;
				DEBUG_INFORMATION_FORMAT = "dwarf-with-dsym";
				ENABLE_NS_ASSERTIONS = NO;
				ENABLE_STRICT_OBJC_MSGSEND = YES;
				GCC_C_LANGUAGE_STANDARD = gnu99;
				GCC_NO_COMMON_BLOCKS = YES;
				GCC_WARN_64_TO_32_BIT_CONVERSION = YES;
				GCC_WARN_ABOUT_RETURN_TYPE = YES_ERROR;
				GCC_WARN_UNDECLARED_SELECTOR = YES;
				GCC_WARN_UNINITIALIZED_AUTOS = YES_AGGRESSIVE;
				GCC_WARN_UNUSED_FUNCTION = YES;
				GCC_WARN_UNUSED_VARIABLE = YES;
				IPHONEOS_DEPLOYMENT_TARGET = 10.3;
				MTL_ENABLE_DEBUG_INFO = NO;
				SDKROOT = iphoneos;
				VALIDATE_PRODUCT = YES;
			};
			name = Release;
		};
		F02440ED1F2AE882001BBDB4 /* Debug */ = {
			isa = XCBuildConfiguration;
			buildSettings = {
				ASSETCATALOG_COMPILER_APPICON_NAME = AppIcon;
				DEVELOPMENT_TEAM = S5BVK59226;
				INFOPLIST_FILE = ESCSpeedyDesktopManager/Info.plist;
				IPHONEOS_DEPLOYMENT_TARGET = 8.0;
				LD_RUNPATH_SEARCH_PATHS = "$(inherited) @executable_path/Frameworks";
				PRODUCT_BUNDLE_IDENTIFIER = com.github.XMSECODE.ESCSpeedyDesktopManager;
				PRODUCT_NAME = "$(TARGET_NAME)";
			};
			name = Debug;
		};
		F02440EE1F2AE882001BBDB4 /* Release */ = {
			isa = XCBuildConfiguration;
			buildSettings = {
				ASSETCATALOG_COMPILER_APPICON_NAME = AppIcon;
				DEVELOPMENT_TEAM = S5BVK59226;
				INFOPLIST_FILE = ESCSpeedyDesktopManager/Info.plist;
				IPHONEOS_DEPLOYMENT_TARGET = 8.0;
				LD_RUNPATH_SEARCH_PATHS = "$(inherited) @executable_path/Frameworks";
				PRODUCT_BUNDLE_IDENTIFIER = com.github.XMSECODE.ESCSpeedyDesktopManager;
				PRODUCT_NAME = "$(TARGET_NAME)";
			};
			name = Release;
		};
/* End XCBuildConfiguration section */

/* Begin XCConfigurationList section */
		F02440D01F2AE881001BBDB4 /* Build configuration list for PBXProject "ESCSpeedyDesktopManager" */ = {
			isa = XCConfigurationList;
			buildConfigurations = (
				F02440EA1F2AE882001BBDB4 /* Debug */,
				F02440EB1F2AE882001BBDB4 /* Release */,
			);
			defaultConfigurationIsVisible = 0;
			defaultConfigurationName = Release;
		};
		F02440EC1F2AE882001BBDB4 /* Build configuration list for PBXNativeTarget "ESCSpeedyDesktopManager" */ = {
			isa = XCConfigurationList;
			buildConfigurations = (
				F02440ED1F2AE882001BBDB4 /* Debug */,
				F02440EE1F2AE882001BBDB4 /* Release */,
			);
			defaultConfigurationIsVisible = 0;
			defaultConfigurationName = Release;
		};
/* End XCConfigurationList section */
	};
	rootObject = F02440CD1F2AE881001BBDB4 /* Project object */;
}
